
Microsoft Visual Studio Solution File, Format Version 12.00
# Visual Studio Version 16
VisualStudioVersion = 16.0.31321.278
MinimumVisualStudioVersion = 10.0.40219.1
Project("{FAE04EC0-301F-11D3-BF4B-00C04F79EFBC}") = "ASPDotNetCore", "ASPDotNetCore\ASPDotNetCore.csproj", "{BBF8D960-C0FE-4D76-AC0D-A1AD2F185CFC}"
EndProject
Global
	GlobalSection(SolutionConfigurationPlatforms) = preSolution
		Debug|Any CPU = Debug|Any CPU
		Release|Any CPU = Release|Any CPU
	EndGlobalSection
	GlobalSection(ProjectConfigurationPlatforms) = postSolution
		{BBF8D960-C0FE-4D76-AC0D-A1AD2F185CFC}.Debug|Any CPU.ActiveCfg = Debug|Any CPU
		{BBF8D960-C0FE-4D76-AC0D-A1AD2F185CFC}.Debug|Any CPU.Build.0 = Debug|Any CPU
		{BBF8D960-C0FE-4D76-AC0D-A1AD2F185CFC}.Release|Any CPU.ActiveCfg = Release|Any CPU
		{BBF8D960-C0FE-4D76-AC0D-A1AD2F185CFC}.Release|Any CPU.Build.0 = Release|Any CPU
	EndGlobalSection
	GlobalSection(SolutionProperties) = preSolution
		HideSolutionNode = FALSE
	EndGlobalSection
	GlobalSection(ExtensibilityGlobals) = postSolution
		SolutionGuid = {778846D9-3A56-4C60-BE4B-1D16230A5DD7}
	EndGlobalSection
EndGlobal
